
Microsoft Visual Studio Solution File, Format Version 12.00
# Visual Studio Version 16
VisualStudioVersion = 16.0.30804.86
MinimumVisualStudioVersion = 10.0.40219.1
Project("{FAE04EC0-301F-11D3-BF4B-00C04F79EFBC}") = "MusteriOtomasyonu", "MusteriOtomasyonu\MusteriOtomasyonu.csproj", "{2697AD5A-0825-48C3-9810-D09C6DA8AE15}"
EndProject
Global
	GlobalSection(SolutionConfigurationPlatforms) = preSolution
		Debug|Any CPU = Debug|Any CPU
		Release|Any CPU = Release|Any CPU
	EndGlobalSection
	GlobalSection(ProjectConfigurationPlatforms) = postSolution
		{2697AD5A-0825-48C3-9810-D09C6DA8AE15}.Debug|Any CPU.ActiveCfg = Debug|Any CPU
		{2697AD5A-0825-48C3-9810-D09C6DA8AE15}.Debug|Any CPU.Build.0 = Debug|Any CPU
		{2697AD5A-0825-48C3-9810-D09C6DA8AE15}.Release|Any CPU.ActiveCfg = Release|Any CPU
		{2697AD5A-0825-48C3-9810-D09C6DA8AE15}.Release|Any CPU.Build.0 = Release|Any CPU
	EndGlobalSection
	GlobalSection(SolutionProperties) = preSolution
		HideSolutionNode = FALSE
	EndGlobalSection
	GlobalSection(ExtensibilityGlobals) = postSolution
		SolutionGuid = {CC6F2EE3-B095-48F4-941C-D5E1C34628C8}
	EndGlobalSection
EndGlobal
